
Microsoft Visual Studio Solution File, Format Version 12.00
# Visual Studio 15
VisualStudioVersion = 15.0.27428.2015
MinimumVisualStudioVersion = 10.0.40219.1
Project("{FAE04EC0-301F-11D3-BF4B-00C04F79EFBC}") = "TimeProject", "TimeProject\TimeProject.csproj", "{AB5C62E7-0582-4571-BF44-6D4E102FB1EA}"
EndProject
Project("{FAE04EC0-301F-11D3-BF4B-00C04F79EFBC}") = "TimeTests", "TimeTests\TimeTests.csproj", "{4B5C3CC9-4C6A-484B-8B42-97B8463A709B}"
EndProject
Project("{FAE04EC0-301F-11D3-BF4B-00C04F79EFBC}") = "ClockLibrary", "ClockLibrary\ClockLibrary.csproj", "{8E695755-EDB1-4014-8BC7-276CD8A9838F}"
EndProject
Global
	GlobalSection(SolutionConfigurationPlatforms) = preSolution
		Debug|Any CPU = Debug|Any CPU
		Release|Any CPU = Release|Any CPU
	EndGlobalSection
	GlobalSection(ProjectConfigurationPlatforms) = postSolution
		{AB5C62E7-0582-4571-BF44-6D4E102FB1EA}.Debug|Any CPU.ActiveCfg = Debug|Any CPU
		{AB5C62E7-0582-4571-BF44-6D4E102FB1EA}.Debug|Any CPU.Build.0 = Debug|Any CPU
		{AB5C62E7-0582-4571-BF44-6D4E102FB1EA}.Release|Any CPU.ActiveCfg = Release|Any CPU
		{AB5C62E7-0582-4571-BF44-6D4E102FB1EA}.Release|Any CPU.Build.0 = Release|Any CPU
		{4B5C3CC9-4C6A-484B-8B42-97B8463A709B}.Debug|Any CPU.ActiveCfg = Debug|Any CPU
		{4B5C3CC9-4C6A-484B-8B42-97B8463A709B}.Debug|Any CPU.Build.0 = Debug|Any CPU
		{4B5C3CC9-4C6A-484B-8B42-97B8463A709B}.Release|Any CPU.ActiveCfg = Release|Any CPU
		{4B5C3CC9-4C6A-484B-8B42-97B8463A709B}.Release|Any CPU.Build.0 = Release|Any CPU
		{8E695755-EDB1-4014-8BC7-276CD8A9838F}.Debug|Any CPU.ActiveCfg = Debug|Any CPU
		{8E695755-EDB1-4014-8BC7-276CD8A9838F}.Debug|Any CPU.Build.0 = Debug|Any CPU
		{8E695755-EDB1-4014-8BC7-276CD8A9838F}.Release|Any CPU.ActiveCfg = Release|Any CPU
		{8E695755-EDB1-4014-8BC7-276CD8A9838F}.Release|Any CPU.Build.0 = Release|Any CPU
	EndGlobalSection
	GlobalSection(SolutionProperties) = preSolution
		HideSolutionNode = FALSE
	EndGlobalSection
	GlobalSection(ExtensibilityGlobals) = postSolution
		SolutionGuid = {011144C7-1040-43B2-8A0B-8C499D56E939}
	EndGlobalSection
EndGlobal
